
Microsoft Visual Studio Solution File, Format Version 12.00
# Visual Studio Version 16
VisualStudioVersion = 16.0.30523.141
MinimumVisualStudioVersion = 10.0.40219.1
Project("{FAE04EC0-301F-11D3-BF4B-00C04F79EFBC}") = "SharpChat", "SharpChat.csproj", "{1EEEA0EF-4506-44E7-9F11-BB7A0641AE24}"
EndProject
Global
	GlobalSection(SolutionConfigurationPlatforms) = preSolution
		Debug|Any CPU = Debug|Any CPU
		Release|Any CPU = Release|Any CPU
	EndGlobalSection
	GlobalSection(ProjectConfigurationPlatforms) = postSolution
		{1EEEA0EF-4506-44E7-9F11-BB7A0641AE24}.Debug|Any CPU.ActiveCfg = Debug|Any CPU
		{1EEEA0EF-4506-44E7-9F11-BB7A0641AE24}.Debug|Any CPU.Build.0 = Debug|Any CPU
		{1EEEA0EF-4506-44E7-9F11-BB7A0641AE24}.Release|Any CPU.ActiveCfg = Release|Any CPU
		{1EEEA0EF-4506-44E7-9F11-BB7A0641AE24}.Release|Any CPU.Build.0 = Release|Any CPU
	EndGlobalSection
	GlobalSection(SolutionProperties) = preSolution
		HideSolutionNode = FALSE
	EndGlobalSection
	GlobalSection(ExtensibilityGlobals) = postSolution
		SolutionGuid = {7D2415FD-368F-4F8A-8967-32ACD2D3170E}
	EndGlobalSection
EndGlobal
